{
    "_meta": {
        "hash": {
            "sha256": "2af0dd2c8cfeb899c9e77d2fa09b588160616c7437a89492b885bec42e569f87"
        },
        "pipfile-spec": 6,
        "requires": {
            "python_version": "3.7"
        },
        "sources": [
            {
                "name": "pypi",
                "url": "https://pypi.org/simple",
                "verify_ssl": true
            }
        ]
    },
    "default": {
        "django": {
            "hashes": [
                "sha256:46b868d68e5fd69dd9e05a0a7900df91786097e30b2aa6f065dd7fa3b22f7005",
                "sha256:9c60f4a801bf7c26bd6824c1062550c12c373344116703461c18cc258f8c9320"
            ],
            "index": "pypi",
            "version": "==1.10"
        },
        "gunicorn": {
            "hashes": [
                "sha256:aa8e0b40b4157b36a5df5e599f45c9c76d6af43845ba3b3b0efe2c70473c2471",
                "sha256:fa2662097c66f920f53f70621c6c58ca4a3c4d3434205e608e121b5b3b71f4f3"
            ],
            "index": "pypi",
            "version": "==19.9.0"
        },
        "qrcode": {
            "hashes": [
                "sha256:037b0db4c93f44586e37f84c3da3f763874fcac85b2974a69a98e399ac78e1bf",
                "sha256:de4ffc15065e6ff20a551ad32b6b41264f3c75275675406ddfa8e3530d154be3"
            ],
            "index": "pypi",
            "version": "==6.0"
        },
        "six": {
            "hashes": [
                "sha256:1f1b7d42e254082a9db6279deae68afb421ceba6158efa6131de7b3003ee93fd",
                "sha256:30f610279e8b2578cab6db20741130331735c781b56053c59c4076da27f06b66"
            ],
            "version": "==1.13.0"
        }
    },
    "develop": {}
}
